
Microsoft Visual Studio Solution File, Format Version 12.00
# Visual Studio Version 17
VisualStudioVersion = 17.0.31903.59
MinimumVisualStudioVersion = 10.0.40219.1
Project("{FAE04EC0-301F-11D3-BF4B-00C04F79EFBC}") = "learning_platform", "learning_platform\learning_platform.csproj", "{5E57BC85-A102-4D8D-9AFA-0D397498BBBE}"
EndProject
Project("{FAE04EC0-301F-11D3-BF4B-00C04F79EFBC}") = "LearningPlatform.API", "LearningPlatform.API\LearningPlatform.API.csproj", "{6A59F0CA-6707-4115-A71A-BB115258C042}"
EndProject
Project("{FAE04EC0-301F-11D3-BF4B-00C04F79EFBC}") = "LearningPlatform.Desktop", "LearningPlatform.Desktop\LearningPlatform.Desktop.csproj", "{EE8607FA-4BE9-4F23-A8A9-84CC520C3CBF}"
EndProject
Global
	GlobalSection(SolutionConfigurationPlatforms) = preSolution
		Debug|Any CPU = Debug|Any CPU
		Debug|x64 = Debug|x64
		Debug|x86 = Debug|x86
		Release|Any CPU = Release|Any CPU
		Release|x64 = Release|x64
		Release|x86 = Release|x86
	EndGlobalSection
	GlobalSection(ProjectConfigurationPlatforms) = postSolution
		{5E57BC85-A102-4D8D-9AFA-0D397498BBBE}.Debug|Any CPU.ActiveCfg = Debug|Any CPU
		{5E57BC85-A102-4D8D-9AFA-0D397498BBBE}.Debug|Any CPU.Build.0 = Debug|Any CPU
		{5E57BC85-A102-4D8D-9AFA-0D397498BBBE}.Debug|x64.ActiveCfg = Debug|Any CPU
		{5E57BC85-A102-4D8D-9AFA-0D397498BBBE}.Debug|x64.Build.0 = Debug|Any CPU
		{5E57BC85-A102-4D8D-9AFA-0D397498BBBE}.Debug|x86.ActiveCfg = Debug|Any CPU
		{5E57BC85-A102-4D8D-9AFA-0D397498BBBE}.Debug|x86.Build.0 = Debug|Any CPU
		{5E57BC85-A102-4D8D-9AFA-0D397498BBBE}.Release|Any CPU.ActiveCfg = Release|Any CPU
		{5E57BC85-A102-4D8D-9AFA-0D397498BBBE}.Release|Any CPU.Build.0 = Release|Any CPU
		{5E57BC85-A102-4D8D-9AFA-0D397498BBBE}.Release|x64.ActiveCfg = Release|Any CPU
		{5E57BC85-A102-4D8D-9AFA-0D397498BBBE}.Release|x64.Build.0 = Release|Any CPU
		{5E57BC85-A102-4D8D-9AFA-0D397498BBBE}.Release|x86.ActiveCfg = Release|Any CPU
		{5E57BC85-A102-4D8D-9AFA-0D397498BBBE}.Release|x86.Build.0 = Release|Any CPU
		{6A59F0CA-6707-4115-A71A-BB115258C042}.Debug|Any CPU.ActiveCfg = Debug|Any CPU
		{6A59F0CA-6707-4115-A71A-BB115258C042}.Debug|Any CPU.Build.0 = Debug|Any CPU
		{6A59F0CA-6707-4115-A71A-BB115258C042}.Debug|x64.ActiveCfg = Debug|Any CPU
		{6A59F0CA-6707-4115-A71A-BB115258C042}.Debug|x64.Build.0 = Debug|Any CPU
		{6A59F0CA-6707-4115-A71A-BB115258C042}.Debug|x86.ActiveCfg = Debug|Any CPU
		{6A59F0CA-6707-4115-A71A-BB115258C042}.Debug|x86.Build.0 = Debug|Any CPU
		{6A59F0CA-6707-4115-A71A-BB115258C042}.Release|Any CPU.ActiveCfg = Release|Any CPU
		{6A59F0CA-6707-4115-A71A-BB115258C042}.Release|Any CPU.Build.0 = Release|Any CPU
		{6A59F0CA-6707-4115-A71A-BB115258C042}.Release|x64.ActiveCfg = Release|Any CPU
		{6A59F0CA-6707-4115-A71A-BB115258C042}.Release|x64.Build.0 = Release|Any CPU
		{6A59F0CA-6707-4115-A71A-BB115258C042}.Release|x86.ActiveCfg = Release|Any CPU
		{6A59F0CA-6707-4115-A71A-BB115258C042}.Release|x86.Build.0 = Release|Any CPU
		{EE8607FA-4BE9-4F23-A8A9-84CC520C3CBF}.Debug|Any CPU.ActiveCfg = Debug|Any CPU
		{EE8607FA-4BE9-4F23-A8A9-84CC520C3CBF}.Debug|Any CPU.Build.0 = Debug|Any CPU
		{EE8607FA-4BE9-4F23-A8A9-84CC520C3CBF}.Debug|x64.ActiveCfg = Debug|Any CPU
		{EE8607FA-4BE9-4F23-A8A9-84CC520C3CBF}.Debug|x64.Build.0 = Debug|Any CPU
		{EE8607FA-4BE9-4F23-A8A9-84CC520C3CBF}.Debug|x86.ActiveCfg = Debug|Any CPU
		{EE8607FA-4BE9-4F23-A8A9-84CC520C3CBF}.Debug|x86.Build.0 = Debug|Any CPU
		{EE8607FA-4BE9-4F23-A8A9-84CC520C3CBF}.Release|Any CPU.ActiveCfg = Release|Any CPU
		{EE8607FA-4BE9-4F23-A8A9-84CC520C3CBF}.Release|Any CPU.Build.0 = Release|Any CPU
		{EE8607FA-4BE9-4F23-A8A9-84CC520C3CBF}.Release|x64.ActiveCfg = Release|Any CPU
		{EE8607FA-4BE9-4F23-A8A9-84CC520C3CBF}.Release|x64.Build.0 = Release|Any CPU
		{EE8607FA-4BE9-4F23-A8A9-84CC520C3CBF}.Release|x86.ActiveCfg = Release|Any CPU
		{EE8607FA-4BE9-4F23-A8A9-84CC520C3CBF}.Release|x86.Build.0 = Release|Any CPU
	EndGlobalSection
	GlobalSection(SolutionProperties) = preSolution
		HideSolutionNode = FALSE
	EndGlobalSection
EndGlobal
